
Microsoft Visual Studio Solution File, Format Version 12.00
# Visual Studio Version 16
VisualStudioVersion = 16.0.28803.202
MinimumVisualStudioVersion = 10.0.40219.1
Project("{FAE04EC0-301F-11D3-BF4B-00C04F79EFBC}") = "LoL_Masteries_Lookup", "LoL_Masteries_Lookup\LoL_Masteries_Lookup.csproj", "{86EA9F02-C0DC-46FC-BCB0-387F6A75457C}"
EndProject
Global
	GlobalSection(SolutionConfigurationPlatforms) = preSolution
		Debug|Any CPU = Debug|Any CPU
		Release|Any CPU = Release|Any CPU
	EndGlobalSection
	GlobalSection(ProjectConfigurationPlatforms) = postSolution
		{86EA9F02-C0DC-46FC-BCB0-387F6A75457C}.Debug|Any CPU.ActiveCfg = Debug|x86
		{86EA9F02-C0DC-46FC-BCB0-387F6A75457C}.Debug|Any CPU.Build.0 = Debug|x86
		{86EA9F02-C0DC-46FC-BCB0-387F6A75457C}.Release|Any CPU.ActiveCfg = Release|Any CPU
		{86EA9F02-C0DC-46FC-BCB0-387F6A75457C}.Release|Any CPU.Build.0 = Release|Any CPU
	EndGlobalSection
	GlobalSection(SolutionProperties) = preSolution
		HideSolutionNode = FALSE
	EndGlobalSection
	GlobalSection(ExtensibilityGlobals) = postSolution
		SolutionGuid = {3E24A971-4356-41EC-BB46-C5C336C1A20A}
	EndGlobalSection
EndGlobal
